
Microsoft Visual Studio Solution File, Format Version 12.00
# Visual Studio Version 17
VisualStudioVersion = 17.1.32210.238
MinimumVisualStudioVersion = 10.0.40219.1
Project("{FAE04EC0-301F-11D3-BF4B-00C04F79EFBC}") = "WebTransport", "WebTransport\WebTransport.csproj", "{3B454126-7D24-4139-B8D6-D251828B9BDE}"
EndProject
Global
	GlobalSection(SolutionConfigurationPlatforms) = preSolution
		Debug|Any CPU = Debug|Any CPU
		Release|Any CPU = Release|Any CPU
	EndGlobalSection
	GlobalSection(ProjectConfigurationPlatforms) = postSolution
		{3B454126-7D24-4139-B8D6-D251828B9BDE}.Debug|Any CPU.ActiveCfg = Debug|Any CPU
		{3B454126-7D24-4139-B8D6-D251828B9BDE}.Debug|Any CPU.Build.0 = Debug|Any CPU
		{3B454126-7D24-4139-B8D6-D251828B9BDE}.Release|Any CPU.ActiveCfg = Release|Any CPU
		{3B454126-7D24-4139-B8D6-D251828B9BDE}.Release|Any CPU.Build.0 = Release|Any CPU
	EndGlobalSection
	GlobalSection(SolutionProperties) = preSolution
		HideSolutionNode = FALSE
	EndGlobalSection
	GlobalSection(ExtensibilityGlobals) = postSolution
		SolutionGuid = {F631AF01-077F-44E2-B202-593D273AC01D}
	EndGlobalSection
EndGlobal
